
Microsoft Visual Studio Solution File, Format Version 12.00
# Visual Studio Version 16
VisualStudioVersion = 16.0.29215.179
MinimumVisualStudioVersion = 10.0.40219.1
Project("{FAE04EC0-301F-11D3-BF4B-00C04F79EFBC}") = "c2f", "c2f.csproj", "{D728191A-9556-4E7D-A0CF-2E1653C991EE}"
EndProject
Global
	GlobalSection(SolutionConfigurationPlatforms) = preSolution
		Debug|Any CPU = Debug|Any CPU
		Release|Any CPU = Release|Any CPU
	EndGlobalSection
	GlobalSection(ProjectConfigurationPlatforms) = postSolution
		{D728191A-9556-4E7D-A0CF-2E1653C991EE}.Debug|Any CPU.ActiveCfg = Debug|Any CPU
		{D728191A-9556-4E7D-A0CF-2E1653C991EE}.Debug|Any CPU.Build.0 = Debug|Any CPU
		{D728191A-9556-4E7D-A0CF-2E1653C991EE}.Release|Any CPU.ActiveCfg = Release|Any CPU
		{D728191A-9556-4E7D-A0CF-2E1653C991EE}.Release|Any CPU.Build.0 = Release|Any CPU
	EndGlobalSection
	GlobalSection(SolutionProperties) = preSolution
		HideSolutionNode = FALSE
	EndGlobalSection
	GlobalSection(ExtensibilityGlobals) = postSolution
		SolutionGuid = {7E575787-5F42-4086-B632-4EBE5D4171BE}
	EndGlobalSection
EndGlobal
